{
  "requires": true,
  "lockfileVersion": 1,
  "dependencies": {
    "alloyfinger": {
      "version": "0.1.11",
      "resolved": "https://registry.npmjs.org/alloyfinger/-/alloyfinger-0.1.11.tgz",
      "integrity": "sha512-zDU5L7s8xGeOsjzyC9vg2OPYFcwVEcrT/NzpQh8UzKn7vbxQ2AKyZV70Hxu1kS4lwEMgIeBsX+S2BkI5Eh/PUQ=="
    }
  }
}
